
Microsoft Visual Studio Solution File, Format Version 12.00
# Visual Studio Version 17
VisualStudioVersion = 17.4.33603.86
MinimumVisualStudioVersion = 10.0.40219.1
Project("{FAE04EC0-301F-11D3-BF4B-00C04F79EFBC}") = "DataGenerator", "DataGenerator\DataGenerator.csproj", "{34477152-E887-4802-A72B-12A63B1E0DCA}"
EndProject
Global
	GlobalSection(SolutionConfigurationPlatforms) = preSolution
		Debug|Any CPU = Debug|Any CPU
		Release|Any CPU = Release|Any CPU
	EndGlobalSection
	GlobalSection(ProjectConfigurationPlatforms) = postSolution
		{34477152-E887-4802-A72B-12A63B1E0DCA}.Debug|Any CPU.ActiveCfg = Debug|Any CPU
		{34477152-E887-4802-A72B-12A63B1E0DCA}.Debug|Any CPU.Build.0 = Debug|Any CPU
		{34477152-E887-4802-A72B-12A63B1E0DCA}.Release|Any CPU.ActiveCfg = Release|Any CPU
		{34477152-E887-4802-A72B-12A63B1E0DCA}.Release|Any CPU.Build.0 = Release|Any CPU
	EndGlobalSection
	GlobalSection(SolutionProperties) = preSolution
		HideSolutionNode = FALSE
	EndGlobalSection
	GlobalSection(ExtensibilityGlobals) = postSolution
		SolutionGuid = {096E94F3-030C-4699-934D-134E7DF3C85F}
	EndGlobalSection
EndGlobal
